{
  "name": "amlak-hamedi-android",
  "version": "1.0.0",
  "lockfileVersion": 3,
  "requires": true,
  "packages": {
    "": {
      "name": "amlak-hamedi-android",
      "version": "1.0.0",
      "dependencies": {
        "@drxiaozhi/minapk": "0.4.0",
        "aaptjs3": "2.0.2"
      },
      "engines": {
        "node": ">=18"
      }
    },
    "node_modules/@drxiaozhi/minapk": {
      "version": "0.4.0",
      "resolved": "https://registry.npmjs.org/@drxiaozhi/minapk/-/minapk-0.4.0.tgz",
      "integrity": "sha512-+dVHtIaRmuE4+GKz7fmvrjw6VfNZKopevjXQOdms7kpwoYyHG8AnCb4WJ114BCGcLfPY+3BY+ULncihl1avFcQ==",
      "license": "MIT",
      "bin": {
        "minapk": "index.js"
      }
    },
    "node_modules/aaptjs3": {
      "version": "2.0.2",
      "resolved": "https://registry.npmjs.org/aaptjs3/-/aaptjs3-2.0.2.tgz",
      "integrity": "sha512-HirSCgaji7VrQzong6Q2NLecl2sZC+iPDSFu1ojPrw6TdcIqGyYL3acPTKU+rVvmdw8ECS0miqQ7EOEeuC8PWw==",
      "license": "MIT",
      "engines": {
        "node": ">=18"
      }
    }
  }
}
